// !$*UTF8*$!
{
	archiveVersion = 1;
	classes = {
	};
	objectVersion = 56;
	objects = {

/* Begin PBXBuildFile section */
		28773D27B81CD666864B0ED0 /* Pods_MISS.framework in Frameworks */ = {isa = PBXBuildFile; fileRef = D2C9061B735F2B8190C25D79 /* Pods_MISS.framework */; };
		363DAF0C2AB579990006B086 /* AppDelegate.swift in Sources */ = {isa = PBXBuildFile; fileRef = 363DAF0B2AB579990006B086 /* AppDelegate.swift */; };
		363DAF0E2AB579990006B086 /* SceneDelegate.swift in Sources */ = {isa = PBXBuildFile; fileRef = 363DAF0D2AB579990006B086 /* SceneDelegate.swift */; };
		363DAF132AB579990006B086 /* Main.storyboard in Resources */ = {isa = PBXBuildFile; fileRef = 363DAF112AB579990006B086 /* Main.storyboard */; };
		363DAF152AB5799A0006B086 /* Assets.xcassets in Resources */ = {isa = PBXBuildFile; fileRef = 363DAF142AB5799A0006B086 /* Assets.xcassets */; };
		363DAF182AB5799A0006B086 /* LaunchScreen.storyboard in Resources */ = {isa = PBXBuildFile; fileRef = 363DAF162AB5799A0006B086 /* LaunchScreen.storyboard */; };
		363DAF222AB6ABFA0006B086 /* WelcomeViewController.swift in Sources */ = {isa = PBXBuildFile; fileRef = 363DAF212AB6ABFA0006B086 /* WelcomeViewController.swift */; };
		363DAF292AB6B7740006B086 /* RegisterViewController.swift in Sources */ = {isa = PBXBuildFile; fileRef = 363DAF282AB6B7740006B086 /* RegisterViewController.swift */; };
		363DAF2B2AB6B79A0006B086 /* LogInViewController.swift in Sources */ = {isa = PBXBuildFile; fileRef = 363DAF2A2AB6B79A0006B086 /* LogInViewController.swift */; };
		363DAF2D2AB6BDB20006B086 /* WeatherViewController.swift in Sources */ = {isa = PBXBuildFile; fileRef = 363DAF2C2AB6BDB20006B086 /* WeatherViewController.swift */; };
		363DAF2F2AB7BA5B0006B086 /* GoogleService-Info.plist in Resources */ = {isa = PBXBuildFile; fileRef = 363DAF2E2AB7BA5B0006B086 /* GoogleService-Info.plist */; };
		363DAF312AB7EA190006B086 /* ChatViewController.swift in Sources */ = {isa = PBXBuildFile; fileRef = 363DAF302AB7EA190006B086 /* ChatViewController.swift */; };
		363DAF332AB911E70006B086 /* Constants.swift in Sources */ = {isa = PBXBuildFile; fileRef = 363DAF322AB911E70006B086 /* Constants.swift */; };
		36DCFA602AB9423D00F93061 /* Message.swift in Sources */ = {isa = PBXBuildFile; fileRef = 36DCFA5F2AB9423D00F93061 /* Message.swift */; };
		36DCFA632AB96FAA00F93061 /* MessageCell.swift in Sources */ = {isa = PBXBuildFile; fileRef = 36DCFA612AB96FAA00F93061 /* MessageCell.swift */; };
		36DCFA642AB96FAA00F93061 /* MessageCell.xib in Resources */ = {isa = PBXBuildFile; fileRef = 36DCFA622AB96FAA00F93061 /* MessageCell.xib */; };
		36DCFA672ABA80F300F93061 /* IQKeyboardManagerSwift in Frameworks */ = {isa = PBXBuildFile; productRef = 36DCFA662ABA80F300F93061 /* IQKeyboardManagerSwift */; };
		36DCFA6F2ABFA63400F93061 /* WeatherData.swift in Sources */ = {isa = PBXBuildFile; fileRef = 36DCFA6E2ABFA63400F93061 /* WeatherData.swift */; };
		36DCFA712ABFA66C00F93061 /* WeatherManager.swift in Sources */ = {isa = PBXBuildFile; fileRef = 36DCFA702ABFA66C00F93061 /* WeatherManager.swift */; };
		36DCFA732ABFA6A300F93061 /* WeatherModel.swift in Sources */ = {isa = PBXBuildFile; fileRef = 36DCFA722ABFA6A300F93061 /* WeatherModel.swift */; };
/* End PBXBuildFile section */

/* Begin PBXFileReference section */
		291059CDC5C1A9B57D366AE9 /* Pods-MISS.release.xcconfig */ = {isa = PBXFileReference; includeInIndex = 1; lastKnownFileType = text.xcconfig; name = "Pods-MISS.release.xcconfig"; path = "Target Support Files/Pods-MISS/Pods-MISS.release.xcconfig"; sourceTree = "<group>"; };
		35BC5337A5B162DE2CCDA931 /* Pods-MISS.debug.xcconfig */ = {isa = PBXFileReference; includeInIndex = 1; lastKnownFileType = text.xcconfig; name = "Pods-MISS.debug.xcconfig"; path = "Target Support Files/Pods-MISS/Pods-MISS.debug.xcconfig"; sourceTree = "<group>"; };
		363DAF082AB579990006B086 /* MISS.app */ = {isa = PBXFileReference; explicitFileType = wrapper.application; includeInIndex = 0; path = MISS.app; sourceTree = BUILT_PRODUCTS_DIR; };
		363DAF0B2AB579990006B086 /* AppDelegate.swift */ = {isa = PBXFileReference; lastKnownFileType = sourcecode.swift; path = AppDelegate.swift; sourceTree = "<group>"; };
		363DAF0D2AB579990006B086 /* SceneDelegate.swift */ = {isa = PBXFileReference; lastKnownFileType = sourcecode.swift; path = SceneDelegate.swift; sourceTree = "<group>"; };
		363DAF122AB579990006B086 /* Base */ = {isa = PBXFileReference; lastKnownFileType = file.storyboard; name = Base; path = Base.lproj/Main.storyboard; sourceTree = "<group>"; };
		363DAF142AB5799A0006B086 /* Assets.xcassets */ = {isa = PBXFileReference; lastKnownFileType = folder.assetcatalog; path = Assets.xcassets; sourceTree = "<group>"; };
		363DAF172AB5799A0006B086 /* Base */ = {isa = PBXFileReference; lastKnownFileType = file.storyboard; name = Base; path = Base.lproj/LaunchScreen.storyboard; sourceTree = "<group>"; };
		363DAF192AB5799A0006B086 /* Info.plist */ = {isa = PBXFileReference; lastKnownFileType = text.plist.xml; path = Info.plist; sourceTree = "<group>"; };
		363DAF212AB6ABFA0006B086 /* WelcomeViewController.swift */ = {isa = PBXFileReference; lastKnownFileType = sourcecode.swift; path = WelcomeViewController.swift; sourceTree = "<group>"; };
		363DAF282AB6B7740006B086 /* RegisterViewController.swift */ = {isa = PBXFileReference; lastKnownFileType = sourcecode.swift; path = RegisterViewController.swift; sourceTree = "<group>"; };
		363DAF2A2AB6B79A0006B086 /* LogInViewController.swift */ = {isa = PBXFileReference; lastKnownFileType = sourcecode.swift; path = LogInViewController.swift; sourceTree = "<group>"; };
		363DAF2C2AB6BDB20006B086 /* WeatherViewController.swift */ = {isa = PBXFileReference; lastKnownFileType = sourcecode.swift; path = WeatherViewController.swift; sourceTree = "<group>"; };
		363DAF2E2AB7BA5B0006B086 /* GoogleService-Info.plist */ = {isa = PBXFileReference; fileEncoding = 4; lastKnownFileType = text.plist.xml; path = "GoogleService-Info.plist"; sourceTree = "<group>"; };
		363DAF302AB7EA190006B086 /* ChatViewController.swift */ = {isa = PBXFileReference; lastKnownFileType = sourcecode.swift; path = ChatViewController.swift; sourceTree = "<group>"; };
		363DAF322AB911E70006B086 /* Constants.swift */ = {isa = PBXFileReference; lastKnownFileType = sourcecode.swift; path = Constants.swift; sourceTree = "<group>"; };
		36DCFA5F2AB9423D00F93061 /* Message.swift */ = {isa = PBXFileReference; lastKnownFileType = sourcecode.swift; path = Message.swift; sourceTree = "<group>"; };
		36DCFA612AB96FAA00F93061 /* MessageCell.swift */ = {isa = PBXFileReference; lastKnownFileType = sourcecode.swift; path = MessageCell.swift; sourceTree = "<group>"; };
		36DCFA622AB96FAA00F93061 /* MessageCell.xib */ = {isa = PBXFileReference; lastKnownFileType = file.xib; path = MessageCell.xib; sourceTree = "<group>"; };
		36DCFA6E2ABFA63400F93061 /* WeatherData.swift */ = {isa = PBXFileReference; lastKnownFileType = sourcecode.swift; path = WeatherData.swift; sourceTree = "<group>"; };
		36DCFA702ABFA66C00F93061 /* WeatherManager.swift */ = {isa = PBXFileReference; lastKnownFileType = sourcecode.swift; path = WeatherManager.swift; sourceTree = "<group>"; };
		36DCFA722ABFA6A300F93061 /* WeatherModel.swift */ = {isa = PBXFileReference; lastKnownFileType = sourcecode.swift; path = WeatherModel.swift; sourceTree = "<group>"; };
		D2C9061B735F2B8190C25D79 /* Pods_MISS.framework */ = {isa = PBXFileReference; explicitFileType = wrapper.framework; includeInIndex = 0; path = Pods_MISS.framework; sourceTree = BUILT_PRODUCTS_DIR; };
/* End PBXFileReference section */

/* Begin PBXFrameworksBuildPhase section */
		363DAF052AB579990006B086 /* Frameworks */ = {
			isa = PBXFrameworksBuildPhase;
			buildActionMask = 2147483647;
			files = (
				28773D27B81CD666864B0ED0 /* Pods_MISS.framework in Frameworks */,
				36DCFA672ABA80F300F93061 /* IQKeyboardManagerSwift in Frameworks */,
			);
			runOnlyForDeploymentPostprocessing = 0;
		};
/* End PBXFrameworksBuildPhase section */

/* Begin PBXGroup section */
		363DAEFF2AB579980006B086 = {
			isa = PBXGroup;
			children = (
				363DAF0A2AB579990006B086 /* MISS */,
				363DAF092AB579990006B086 /* Products */,
				6676053B4C1663C35E423E07 /* Pods */,
				77B489B2777F50AECD3A6EE7 /* Frameworks */,
			);
			sourceTree = "<group>";
		};
		363DAF092AB579990006B086 /* Products */ = {
			isa = PBXGroup;
			children = (
				363DAF082AB579990006B086 /* MISS.app */,
			);
			name = Products;
			sourceTree = "<group>";
		};
		363DAF0A2AB579990006B086 /* MISS */ = {
			isa = PBXGroup;
			children = (
				363DAF0B2AB579990006B086 /* AppDelegate.swift */,
				363DAF0D2AB579990006B086 /* SceneDelegate.swift */,
				36DCFA5E2AB941FF00F93061 /* Models */,
				363DAF342AB941B70006B086 /* Views */,
				363DAF232AB6AC4D0006B086 /* Controllers */,
				363DAF142AB5799A0006B086 /* Assets.xcassets */,
				363DAF162AB5799A0006B086 /* LaunchScreen.storyboard */,
				363DAF192AB5799A0006B086 /* Info.plist */,
				363DAF2E2AB7BA5B0006B086 /* GoogleService-Info.plist */,
				363DAF322AB911E70006B086 /* Constants.swift */,
			);
			path = MISS;
			sourceTree = "<group>";
		};
		363DAF232AB6AC4D0006B086 /* Controllers */ = {
			isa = PBXGroup;
			children = (
				363DAF212AB6ABFA0006B086 /* WelcomeViewController.swift */,
				363DAF282AB6B7740006B086 /* RegisterViewController.swift */,
				363DAF2A2AB6B79A0006B086 /* LogInViewController.swift */,
				363DAF2C2AB6BDB20006B086 /* WeatherViewController.swift */,
				363DAF302AB7EA190006B086 /* ChatViewController.swift */,
			);
			path = Controllers;
			sourceTree = "<group>";
		};
		363DAF342AB941B70006B086 /* Views */ = {
			isa = PBXGroup;
			children = (
				363DAF112AB579990006B086 /* Main.storyboard */,
				36DCFA612AB96FAA00F93061 /* MessageCell.swift */,
				36DCFA622AB96FAA00F93061 /* MessageCell.xib */,
			);
			path = Views;
			sourceTree = "<group>";
		};
		36DCFA5E2AB941FF00F93061 /* Models */ = {
			isa = PBXGroup;
			children = (
				36DCFA5F2AB9423D00F93061 /* Message.swift */,
				36DCFA6E2ABFA63400F93061 /* WeatherData.swift */,
				36DCFA702ABFA66C00F93061 /* WeatherManager.swift */,
				36DCFA722ABFA6A300F93061 /* WeatherModel.swift */,
			);
			path = Models;
			sourceTree = "<group>";
		};
		6676053B4C1663C35E423E07 /* Pods */ = {
			isa = PBXGroup;
			children = (
				35BC5337A5B162DE2CCDA931 /* Pods-MISS.debug.xcconfig */,
				291059CDC5C1A9B57D366AE9 /* Pods-MISS.release.xcconfig */,
			);
			path = Pods;
			sourceTree = "<group>";
		};
		77B489B2777F50AECD3A6EE7 /* Frameworks */ = {
			isa = PBXGroup;
			children = (
				D2C9061B735F2B8190C25D79 /* Pods_MISS.framework */,
			);
			name = Frameworks;
			sourceTree = "<group>";
		};
/* End PBXGroup section */

/* Begin PBXNativeTarget section */
		363DAF072AB579990006B086 /* MISS */ = {
			isa = PBXNativeTarget;
			buildConfigurationList = 363DAF1C2AB5799A0006B086 /* Build configuration list for PBXNativeTarget "MISS" */;
			buildPhases = (
				A925BDED6DBAA7DF870C7B72 /* [CP] Check Pods Manifest.lock */,
				363DAF042AB579990006B086 /* Sources */,
				363DAF052AB579990006B086 /* Frameworks */,
				363DAF062AB579990006B086 /* Resources */,
				4C91C88FA8829505EE9524A5 /* [CP] Embed Pods Frameworks */,
			);
			buildRules = (
			);
			dependencies = (
			);
			name = MISS;
			packageProductDependencies = (
				36DCFA662ABA80F300F93061 /* IQKeyboardManagerSwift */,
			);
			productName = MISS;
			productReference = 363DAF082AB579990006B086 /* MISS.app */;
			productType = "com.apple.product-type.application";
		};
/* End PBXNativeTarget section */

/* Begin PBXProject section */
		363DAF002AB579990006B086 /* Project object */ = {
			isa = PBXProject;
			attributes = {
				BuildIndependentTargetsInParallel = 1;
				LastSwiftUpdateCheck = 1430;
				LastUpgradeCheck = 1430;
				TargetAttributes = {
					363DAF072AB579990006B086 = {
						CreatedOnToolsVersion = 14.3.1;
					};
				};
			};
			buildConfigurationList = 363DAF032AB579990006B086 /* Build configuration list for PBXProject "MISS" */;
			compatibilityVersion = "Xcode 14.0";
			developmentRegion = en;
			hasScannedForEncodings = 0;
			knownRegions = (
				en,
				Base,
			);
			mainGroup = 363DAEFF2AB579980006B086;
			packageReferences = (
				36DCFA652ABA80F300F93061 /* XCRemoteSwiftPackageReference "IQKeyboardManager" */,
			);
			productRefGroup = 363DAF092AB579990006B086 /* Products */;
			projectDirPath = "";
			projectRoot = "";
			targets = (
				363DAF072AB579990006B086 /* MISS */,
			);
		};
/* End PBXProject section */

/* Begin PBXResourcesBuildPhase section */
		363DAF062AB579990006B086 /* Resources */ = {
			isa = PBXResourcesBuildPhase;
			buildActionMask = 2147483647;
			files = (
				36DCFA642AB96FAA00F93061 /* MessageCell.xib in Resources */,
				363DAF182AB5799A0006B086 /* LaunchScreen.storyboard in Resources */,
				363DAF2F2AB7BA5B0006B086 /* GoogleService-Info.plist in Resources */,
				363DAF152AB5799A0006B086 /* Assets.xcassets in Resources */,
				363DAF132AB579990006B086 /* Main.storyboard in Resources */,
			);
			runOnlyForDeploymentPostprocessing = 0;
		};
/* End PBXResourcesBuildPhase section */

/* Begin PBXShellScriptBuildPhase section */
		4C91C88FA8829505EE9524A5 /* [CP] Embed Pods Frameworks */ = {
			isa = PBXShellScriptBuildPhase;
			buildActionMask = 2147483647;
			files = (
			);
			inputFileListPaths = (
				"${PODS_ROOT}/Target Support Files/Pods-MISS/Pods-MISS-frameworks-${CONFIGURATION}-input-files.xcfilelist",
			);
			name = "[CP] Embed Pods Frameworks";
			outputFileListPaths = (
				"${PODS_ROOT}/Target Support Files/Pods-MISS/Pods-MISS-frameworks-${CONFIGURATION}-output-files.xcfilelist",
			);
			runOnlyForDeploymentPostprocessing = 0;
			shellPath = /bin/sh;
			shellScript = "\"${PODS_ROOT}/Target Support Files/Pods-MISS/Pods-MISS-frameworks.sh\"\n";
			showEnvVarsInLog = 0;
		};
		A925BDED6DBAA7DF870C7B72 /* [CP] Check Pods Manifest.lock */ = {
			isa = PBXShellScriptBuildPhase;
			buildActionMask = 2147483647;
			files = (
			);
			inputFileListPaths = (
			);
			inputPaths = (
				"${PODS_PODFILE_DIR_PATH}/Podfile.lock",
				"${PODS_ROOT}/Manifest.lock",
			);
			name = "[CP] Check Pods Manifest.lock";
			outputFileListPaths = (
			);
			outputPaths = (
				"$(DERIVED_FILE_DIR)/Pods-MISS-checkManifestLockResult.txt",
			);
			runOnlyForDeploymentPostprocessing = 0;
			shellPath = /bin/sh;
			shellScript = "diff \"${PODS_PODFILE_DIR_PATH}/Podfile.lock\" \"${PODS_ROOT}/Manifest.lock\" > /dev/null\nif [ $? != 0 ] ; then\n    # print error to STDERR\n    echo \"error: The sandbox is not in sync with the Podfile.lock. Run 'pod install' or update your CocoaPods installation.\" >&2\n    exit 1\nfi\n# This output is used by Xcode 'outputs' to avoid re-running this script phase.\necho \"SUCCESS\" > \"${SCRIPT_OUTPUT_FILE_0}\"\n";
			showEnvVarsInLog = 0;
		};
/* End PBXShellScriptBuildPhase section */

/* Begin PBXSourcesBuildPhase section */
		363DAF042AB579990006B086 /* Sources */ = {
			isa = PBXSourcesBuildPhase;
			buildActionMask = 2147483647;
			files = (
				363DAF292AB6B7740006B086 /* RegisterViewController.swift in Sources */,
				36DCFA632AB96FAA00F93061 /* MessageCell.swift in Sources */,
				363DAF2D2AB6BDB20006B086 /* WeatherViewController.swift in Sources */,
				363DAF2B2AB6B79A0006B086 /* LogInViewController.swift in Sources */,
				36DCFA602AB9423D00F93061 /* Message.swift in Sources */,
				36DCFA732ABFA6A300F93061 /* WeatherModel.swift in Sources */,
				36DCFA6F2ABFA63400F93061 /* WeatherData.swift in Sources */,
				36DCFA712ABFA66C00F93061 /* WeatherManager.swift in Sources */,
				363DAF312AB7EA190006B086 /* ChatViewController.swift in Sources */,
				363DAF222AB6ABFA0006B086 /* WelcomeViewController.swift in Sources */,
				363DAF0C2AB579990006B086 /* AppDelegate.swift in Sources */,
				363DAF0E2AB579990006B086 /* SceneDelegate.swift in Sources */,
				363DAF332AB911E70006B086 /* Constants.swift in Sources */,
			);
			runOnlyForDeploymentPostprocessing = 0;
		};
/* End PBXSourcesBuildPhase section */

/* Begin PBXVariantGroup section */
		363DAF112AB579990006B086 /* Main.storyboard */ = {
			isa = PBXVariantGroup;
			children = (
				363DAF122AB579990006B086 /* Base */,
			);
			name = Main.storyboard;
			sourceTree = "<group>";
		};
		363DAF162AB5799A0006B086 /* LaunchScreen.storyboard */ = {
			isa = PBXVariantGroup;
			children = (
				363DAF172AB5799A0006B086 /* Base */,
			);
			name = LaunchScreen.storyboard;
			sourceTree = "<group>";
		};
/* End PBXVariantGroup section */

/* Begin XCBuildConfiguration section */
		363DAF1A2AB5799A0006B086 /* Debug */ = {
			isa = XCBuildConfiguration;
			buildSettings = {
				ALWAYS_SEARCH_USER_PATHS = NO;
				CLANG_ANALYZER_NONNULL = YES;
				CLANG_ANALYZER_NUMBER_OBJECT_CONVERSION = YES_AGGRESSIVE;
				CLANG_CXX_LANGUAGE_STANDARD = "gnu++20";
				CLANG_ENABLE_MODULES = YES;
				CLANG_ENABLE_OBJC_ARC = YES;
				CLANG_ENABLE_OBJC_WEAK = YES;
				CLANG_WARN_BLOCK_CAPTURE_AUTORELEASING = YES;
				CLANG_WARN_BOOL_CONVERSION = YES;
				CLANG_WARN_COMMA = YES;
				CLANG_WARN_CONSTANT_CONVERSION = YES;
				CLANG_WARN_DEPRECATED_OBJC_IMPLEMENTATIONS = YES;
				CLANG_WARN_DIRECT_OBJC_ISA_USAGE = YES_ERROR;
				CLANG_WARN_DOCUMENTATION_COMMENTS = YES;
				CLANG_WARN_EMPTY_BODY = YES;
				CLANG_WARN_ENUM_CONVERSION = YES;
				CLANG_WARN_INFINITE_RECURSION = YES;
				CLANG_WARN_INT_CONVERSION = YES;
				CLANG_WARN_NON_LITERAL_NULL_CONVERSION = YES;
				CLANG_WARN_OBJC_IMPLICIT_RETAIN_SELF = YES;
				CLANG_WARN_OBJC_LITERAL_CONVERSION = YES;
				CLANG_WARN_OBJC_ROOT_CLASS = YES_ERROR;
				CLANG_WARN_QUOTED_INCLUDE_IN_FRAMEWORK_HEADER = YES;
				CLANG_WARN_RANGE_LOOP_ANALYSIS = YES;
				CLANG_WARN_STRICT_PROTOTYPES = YES;
				CLANG_WARN_SUSPICIOUS_MOVE = YES;
				CLANG_WARN_UNGUARDED_AVAILABILITY = YES_AGGRESSIVE;
				CLANG_WARN_UNREACHABLE_CODE = YES;
				CLANG_WARN__DUPLICATE_METHOD_MATCH = YES;
				COPY_PHASE_STRIP = NO;
				DEBUG_INFORMATION_FORMAT = dwarf;
				ENABLE_STRICT_OBJC_MSGSEND = YES;
				ENABLE_TESTABILITY = YES;
				GCC_C_LANGUAGE_STANDARD = gnu11;
				GCC_DYNAMIC_NO_PIC = NO;
				GCC_NO_COMMON_BLOCKS = YES;
				GCC_OPTIMIZATION_LEVEL = 0;
				GCC_PREPROCESSOR_DEFINITIONS = (
					"DEBUG=1",
					"$(inherited)",
				);
				GCC_WARN_64_TO_32_BIT_CONVERSION = YES;
				GCC_WARN_ABOUT_RETURN_TYPE = YES_ERROR;
				GCC_WARN_UNDECLARED_SELECTOR = YES;
				GCC_WARN_UNINITIALIZED_AUTOS = YES_AGGRESSIVE;
				GCC_WARN_UNUSED_FUNCTION = YES;
				GCC_WARN_UNUSED_VARIABLE = YES;
				IPHONEOS_DEPLOYMENT_TARGET = 16.4;
				MTL_ENABLE_DEBUG_INFO = INCLUDE_SOURCE;
				MTL_FAST_MATH = YES;
				ONLY_ACTIVE_ARCH = YES;
				SDKROOT = iphoneos;
				SWIFT_ACTIVE_COMPILATION_CONDITIONS = DEBUG;
				SWIFT_OPTIMIZATION_LEVEL = "-Onone";
			};
			name = Debug;
		};
		363DAF1B2AB5799A0006B086 /* Release */ = {
			isa = XCBuildConfiguration;
			buildSettings = {
				ALWAYS_SEARCH_USER_PATHS = NO;
				CLANG_ANALYZER_NONNULL = YES;
				CLANG_ANALYZER_NUMBER_OBJECT_CONVERSION = YES_AGGRESSIVE;
				CLANG_CXX_LANGUAGE_STANDARD = "gnu++20";
				CLANG_ENABLE_MODULES = YES;
				CLANG_ENABLE_OBJC_ARC = YES;
				CLANG_ENABLE_OBJC_WEAK = YES;
				CLANG_WARN_BLOCK_CAPTURE_AUTORELEASING = YES;
				CLANG_WARN_BOOL_CONVERSION = YES;
				CLANG_WARN_COMMA = YES;
				CLANG_WARN_CONSTANT_CONVERSION = YES;
				CLANG_WARN_DEPRECATED_OBJC_IMPLEMENTATIONS = YES;
				CLANG_WARN_DIRECT_OBJC_ISA_USAGE = YES_ERROR;
				CLANG_WARN_DOCUMENTATION_COMMENTS = YES;
				CLANG_WARN_EMPTY_BODY = YES;
				CLANG_WARN_ENUM_CONVERSION = YES;
				CLANG_WARN_INFINITE_RECURSION = YES;
				CLANG_WARN_INT_CONVERSION = YES;
				CLANG_WARN_NON_LITERAL_NULL_CONVERSION = YES;
				CLANG_WARN_OBJC_IMPLICIT_RETAIN_SELF = YES;
				CLANG_WARN_OBJC_LITERAL_CONVERSION = YES;
				CLANG_WARN_OBJC_ROOT_CLASS = YES_ERROR;
				CLANG_WARN_QUOTED_INCLUDE_IN_FRAMEWORK_HEADER = YES;
				CLANG_WARN_RANGE_LOOP_ANALYSIS = YES;
				CLANG_WARN_STRICT_PROTOTYPES = YES;
				CLANG_WARN_SUSPICIOUS_MOVE = YES;
				CLANG_WARN_UNGUARDED_AVAILABILITY = YES_AGGRESSIVE;
				CLANG_WARN_UNREACHABLE_CODE = YES;
				CLANG_WARN__DUPLICATE_METHOD_MATCH = YES;
				COPY_PHASE_STRIP = NO;
				DEBUG_INFORMATION_FORMAT = "dwarf-with-dsym";
				ENABLE_NS_ASSERTIONS = NO;
				ENABLE_STRICT_OBJC_MSGSEND = YES;
				GCC_C_LANGUAGE_STANDARD = gnu11;
				GCC_NO_COMMON_BLOCKS = YES;
				GCC_WARN_64_TO_32_BIT_CONVERSION = YES;
				GCC_WARN_ABOUT_RETURN_TYPE = YES_ERROR;
				GCC_WARN_UNDECLARED_SELECTOR = YES;
				GCC_WARN_UNINITIALIZED_AUTOS = YES_AGGRESSIVE;
				GCC_WARN_UNUSED_FUNCTION = YES;
				GCC_WARN_UNUSED_VARIABLE = YES;
				IPHONEOS_DEPLOYMENT_TARGET = 16.4;
				MTL_ENABLE_DEBUG_INFO = NO;
				MTL_FAST_MATH = YES;
				SDKROOT = iphoneos;
				SWIFT_COMPILATION_MODE = wholemodule;
				SWIFT_OPTIMIZATION_LEVEL = "-O";
				VALIDATE_PRODUCT = YES;
			};
			name = Release;
		};
		363DAF1D2AB5799A0006B086 /* Debug */ = {
			isa = XCBuildConfiguration;
			baseConfigurationReference = 35BC5337A5B162DE2CCDA931 /* Pods-MISS.debug.xcconfig */;
			buildSettings = {
				ASSETCATALOG_COMPILER_APPICON_NAME = AppIcon;
				ASSETCATALOG_COMPILER_GLOBAL_ACCENT_COLOR_NAME = AccentColor;
				CODE_SIGN_STYLE = Automatic;
				CURRENT_PROJECT_VERSION = 1;
				DEVELOPMENT_TEAM = 388729JX9N;
				GENERATE_INFOPLIST_FILE = YES;
				INFOPLIST_FILE = MISS/Info.plist;
				INFOPLIST_KEY_UIApplicationSupportsIndirectInputEvents = YES;
				INFOPLIST_KEY_UILaunchStoryboardName = LaunchScreen;
				INFOPLIST_KEY_UIMainStoryboardFile = Main;
				INFOPLIST_KEY_UISupportedInterfaceOrientations = UIInterfaceOrientationPortrait;
				INFOPLIST_KEY_UISupportedInterfaceOrientations_iPad = "UIInterfaceOrientationPortrait UIInterfaceOrientationPortraitUpsideDown";
				IPHONEOS_DEPLOYMENT_TARGET = 13.0;
				LD_RUNPATH_SEARCH_PATHS = (
					"$(inherited)",
					"@executable_path/Frameworks",
				);
				MARKETING_VERSION = 1.0;
				PRODUCT_BUNDLE_IDENTIFIER = com.cuichanwu.MISS;
				PRODUCT_NAME = "$(TARGET_NAME)";
				SWIFT_EMIT_LOC_STRINGS = YES;
				SWIFT_VERSION = 5.0;
				TARGETED_DEVICE_FAMILY = "1,2";
			};
			name = Debug;
		};
		363DAF1E2AB5799A0006B086 /* Release */ = {
			isa = XCBuildConfiguration;
			baseConfigurationReference = 291059CDC5C1A9B57D366AE9 /* Pods-MISS.release.xcconfig */;
			buildSettings = {
				ASSETCATALOG_COMPILER_APPICON_NAME = AppIcon;
				ASSETCATALOG_COMPILER_GLOBAL_ACCENT_COLOR_NAME = AccentColor;
				CODE_SIGN_STYLE = Automatic;
				CURRENT_PROJECT_VERSION = 1;
				DEVELOPMENT_TEAM = 388729JX9N;
				GENERATE_INFOPLIST_FILE = YES;
				INFOPLIST_FILE = MISS/Info.plist;
				INFOPLIST_KEY_UIApplicationSupportsIndirectInputEvents = YES;
				INFOPLIST_KEY_UILaunchStoryboardName = LaunchScreen;
				INFOPLIST_KEY_UIMainStoryboardFile = Main;
				INFOPLIST_KEY_UISupportedInterfaceOrientations = UIInterfaceOrientationPortrait;
				INFOPLIST_KEY_UISupportedInterfaceOrientations_iPad = "UIInterfaceOrientationPortrait UIInterfaceOrientationPortraitUpsideDown";
				IPHONEOS_DEPLOYMENT_TARGET = 13.0;
				LD_RUNPATH_SEARCH_PATHS = (
					"$(inherited)",
					"@executable_path/Frameworks",
				);
				MARKETING_VERSION = 1.0;
				PRODUCT_BUNDLE_IDENTIFIER = com.cuichanwu.MISS;
				PRODUCT_NAME = "$(TARGET_NAME)";
				SWIFT_EMIT_LOC_STRINGS = YES;
				SWIFT_VERSION = 5.0;
				TARGETED_DEVICE_FAMILY = "1,2";
			};
			name = Release;
		};
/* End XCBuildConfiguration section */

/* Begin XCConfigurationList section */
		363DAF032AB579990006B086 /* Build configuration list for PBXProject "MISS" */ = {
			isa = XCConfigurationList;
			buildConfigurations = (
				363DAF1A2AB5799A0006B086 /* Debug */,
				363DAF1B2AB5799A0006B086 /* Release */,
			);
			defaultConfigurationIsVisible = 0;
			defaultConfigurationName = Release;
		};
		363DAF1C2AB5799A0006B086 /* Build configuration list for PBXNativeTarget "MISS" */ = {
			isa = XCConfigurationList;
			buildConfigurations = (
				363DAF1D2AB5799A0006B086 /* Debug */,
				363DAF1E2AB5799A0006B086 /* Release */,
			);
			defaultConfigurationIsVisible = 0;
			defaultConfigurationName = Release;
		};
/* End XCConfigurationList section */

/* Begin XCRemoteSwiftPackageReference section */
		36DCFA652ABA80F300F93061 /* XCRemoteSwiftPackageReference "IQKeyboardManager" */ = {
			isa = XCRemoteSwiftPackageReference;
			repositoryURL = "https://github.com/hackiftekhar/IQKeyboardManager";
			requirement = {
				kind = upToNextMajorVersion;
				minimumVersion = 6.5.3;
			};
		};
/* End XCRemoteSwiftPackageReference section */

/* Begin XCSwiftPackageProductDependency section */
		36DCFA662ABA80F300F93061 /* IQKeyboardManagerSwift */ = {
			isa = XCSwiftPackageProductDependency;
			package = 36DCFA652ABA80F300F93061 /* XCRemoteSwiftPackageReference "IQKeyboardManager" */;
			productName = IQKeyboardManagerSwift;
		};
/* End XCSwiftPackageProductDependency section */
	};
	rootObject = 363DAF002AB579990006B086 /* Project object */;
}
